
Microsoft Visual Studio Solution File, Format Version 12.00
# Visual Studio Version 16
VisualStudioVersion = 16.0.33529.622
MinimumVisualStudioVersion = 10.0.40219.1
Project("{FAE04EC0-301F-11D3-BF4B-00C04F79EFBC}") = "StandardHTMLHelpers", "StandardHTMLHelpers.csproj", "{D54B3DDD-6D79-4DE7-A0FB-AD9361AE45C7}"
EndProject
Global
	GlobalSection(SolutionConfigurationPlatforms) = preSolution
		Debug|Any CPU = Debug|Any CPU
		Release|Any CPU = Release|Any CPU
	EndGlobalSection
	GlobalSection(ProjectConfigurationPlatforms) = postSolution
		{D54B3DDD-6D79-4DE7-A0FB-AD9361AE45C7}.Debug|Any CPU.ActiveCfg = Debug|Any CPU
		{D54B3DDD-6D79-4DE7-A0FB-AD9361AE45C7}.Debug|Any CPU.Build.0 = Debug|Any CPU
		{D54B3DDD-6D79-4DE7-A0FB-AD9361AE45C7}.Release|Any CPU.ActiveCfg = Release|Any CPU
		{D54B3DDD-6D79-4DE7-A0FB-AD9361AE45C7}.Release|Any CPU.Build.0 = Release|Any CPU
	EndGlobalSection
	GlobalSection(SolutionProperties) = preSolution
		HideSolutionNode = FALSE
	EndGlobalSection
	GlobalSection(ExtensibilityGlobals) = postSolution
		SolutionGuid = {D059CBDE-9E27-48E7-8CAA-A37AB945BEE0}
	EndGlobalSection
EndGlobal
